
Microsoft Visual Studio Solution File, Format Version 12.00
# Visual Studio Version 17
VisualStudioVersion = 17.8.34227.203
MinimumVisualStudioVersion = 10.0.40219.1
Project("{8BC9CEB8-8B4A-11D0-8D11-00A0C91BC942}") = "VOICEVOX_CS_WRT", "VOICEVOX_CS_WRT\VOICEVOX_CS_WRT.vcxproj", "{DBEB1B9F-7E24-4D99-816E-0F02EDC72AC8}"
EndProject
Project("{FAE04EC0-301F-11D3-BF4B-00C04F79EFBC}") = "testApp", "testApp\testApp.csproj", "{06B3B498-55A7-4469-9D79-6FF94564DDFA}"
EndProject
Project("{FAE04EC0-301F-11D3-BF4B-00C04F79EFBC}") = "VOICEVOX_CS_WRTProjection", "VOICEVOX_CS_WRTProjection\VOICEVOX_CS_WRTProjection.csproj", "{F566ED81-BDAC-456F-91E4-D1BF18454388}"
EndProject
Global
	GlobalSection(SolutionConfigurationPlatforms) = preSolution
		Debug|Any CPU = Debug|Any CPU
		Debug|ARM = Debug|ARM
		Debug|ARM64 = Debug|ARM64
		Debug|x64 = Debug|x64
		Debug|x86 = Debug|x86
		Release|Any CPU = Release|Any CPU
		Release|ARM = Release|ARM
		Release|ARM64 = Release|ARM64
		Release|x64 = Release|x64
		Release|x86 = Release|x86
	EndGlobalSection
	GlobalSection(ProjectConfigurationPlatforms) = postSolution
		{DBEB1B9F-7E24-4D99-816E-0F02EDC72AC8}.Debug|Any CPU.ActiveCfg = Debug|x64
		{DBEB1B9F-7E24-4D99-816E-0F02EDC72AC8}.Debug|Any CPU.Build.0 = Debug|x64
		{DBEB1B9F-7E24-4D99-816E-0F02EDC72AC8}.Debug|ARM.ActiveCfg = Debug|ARM
		{DBEB1B9F-7E24-4D99-816E-0F02EDC72AC8}.Debug|ARM.Build.0 = Debug|ARM
		{DBEB1B9F-7E24-4D99-816E-0F02EDC72AC8}.Debug|ARM64.ActiveCfg = Debug|ARM64
		{DBEB1B9F-7E24-4D99-816E-0F02EDC72AC8}.Debug|ARM64.Build.0 = Debug|ARM64
		{DBEB1B9F-7E24-4D99-816E-0F02EDC72AC8}.Debug|x64.ActiveCfg = Debug|x64
		{DBEB1B9F-7E24-4D99-816E-0F02EDC72AC8}.Debug|x64.Build.0 = Debug|x64
		{DBEB1B9F-7E24-4D99-816E-0F02EDC72AC8}.Debug|x86.ActiveCfg = Debug|Win32
		{DBEB1B9F-7E24-4D99-816E-0F02EDC72AC8}.Debug|x86.Build.0 = Debug|Win32
		{DBEB1B9F-7E24-4D99-816E-0F02EDC72AC8}.Release|Any CPU.ActiveCfg = Release|x64
		{DBEB1B9F-7E24-4D99-816E-0F02EDC72AC8}.Release|Any CPU.Build.0 = Release|x64
		{DBEB1B9F-7E24-4D99-816E-0F02EDC72AC8}.Release|ARM.ActiveCfg = Release|ARM
		{DBEB1B9F-7E24-4D99-816E-0F02EDC72AC8}.Release|ARM.Build.0 = Release|ARM
		{DBEB1B9F-7E24-4D99-816E-0F02EDC72AC8}.Release|ARM64.ActiveCfg = Release|ARM64
		{DBEB1B9F-7E24-4D99-816E-0F02EDC72AC8}.Release|ARM64.Build.0 = Release|ARM64
		{DBEB1B9F-7E24-4D99-816E-0F02EDC72AC8}.Release|x64.ActiveCfg = Release|x64
		{DBEB1B9F-7E24-4D99-816E-0F02EDC72AC8}.Release|x64.Build.0 = Release|x64
		{DBEB1B9F-7E24-4D99-816E-0F02EDC72AC8}.Release|x86.ActiveCfg = Release|Win32
		{DBEB1B9F-7E24-4D99-816E-0F02EDC72AC8}.Release|x86.Build.0 = Release|Win32
		{06B3B498-55A7-4469-9D79-6FF94564DDFA}.Debug|Any CPU.ActiveCfg = Debug|Any CPU
		{06B3B498-55A7-4469-9D79-6FF94564DDFA}.Debug|Any CPU.Build.0 = Debug|Any CPU
		{06B3B498-55A7-4469-9D79-6FF94564DDFA}.Debug|ARM.ActiveCfg = Debug|Any CPU
		{06B3B498-55A7-4469-9D79-6FF94564DDFA}.Debug|ARM.Build.0 = Debug|Any CPU
		{06B3B498-55A7-4469-9D79-6FF94564DDFA}.Debug|ARM64.ActiveCfg = Debug|Any CPU
		{06B3B498-55A7-4469-9D79-6FF94564DDFA}.Debug|ARM64.Build.0 = Debug|Any CPU
		{06B3B498-55A7-4469-9D79-6FF94564DDFA}.Debug|x64.ActiveCfg = Debug|Any CPU
		{06B3B498-55A7-4469-9D79-6FF94564DDFA}.Debug|x64.Build.0 = Debug|Any CPU
		{06B3B498-55A7-4469-9D79-6FF94564DDFA}.Debug|x86.ActiveCfg = Debug|Any CPU
		{06B3B498-55A7-4469-9D79-6FF94564DDFA}.Debug|x86.Build.0 = Debug|Any CPU
		{06B3B498-55A7-4469-9D79-6FF94564DDFA}.Release|Any CPU.ActiveCfg = Release|Any CPU
		{06B3B498-55A7-4469-9D79-6FF94564DDFA}.Release|Any CPU.Build.0 = Release|Any CPU
		{06B3B498-55A7-4469-9D79-6FF94564DDFA}.Release|ARM.ActiveCfg = Release|Any CPU
		{06B3B498-55A7-4469-9D79-6FF94564DDFA}.Release|ARM.Build.0 = Release|Any CPU
		{06B3B498-55A7-4469-9D79-6FF94564DDFA}.Release|ARM64.ActiveCfg = Release|Any CPU
		{06B3B498-55A7-4469-9D79-6FF94564DDFA}.Release|ARM64.Build.0 = Release|Any CPU
		{06B3B498-55A7-4469-9D79-6FF94564DDFA}.Release|x64.ActiveCfg = Release|Any CPU
		{06B3B498-55A7-4469-9D79-6FF94564DDFA}.Release|x64.Build.0 = Release|Any CPU
		{06B3B498-55A7-4469-9D79-6FF94564DDFA}.Release|x86.ActiveCfg = Release|Any CPU
		{06B3B498-55A7-4469-9D79-6FF94564DDFA}.Release|x86.Build.0 = Release|Any CPU
		{F566ED81-BDAC-456F-91E4-D1BF18454388}.Debug|Any CPU.ActiveCfg = Debug|Any CPU
		{F566ED81-BDAC-456F-91E4-D1BF18454388}.Debug|Any CPU.Build.0 = Debug|Any CPU
		{F566ED81-BDAC-456F-91E4-D1BF18454388}.Debug|ARM.ActiveCfg = Debug|Any CPU
		{F566ED81-BDAC-456F-91E4-D1BF18454388}.Debug|ARM.Build.0 = Debug|Any CPU
		{F566ED81-BDAC-456F-91E4-D1BF18454388}.Debug|ARM64.ActiveCfg = Debug|Any CPU
		{F566ED81-BDAC-456F-91E4-D1BF18454388}.Debug|ARM64.Build.0 = Debug|Any CPU
		{F566ED81-BDAC-456F-91E4-D1BF18454388}.Debug|x64.ActiveCfg = Debug|Any CPU
		{F566ED81-BDAC-456F-91E4-D1BF18454388}.Debug|x64.Build.0 = Debug|Any CPU
		{F566ED81-BDAC-456F-91E4-D1BF18454388}.Debug|x86.ActiveCfg = Debug|Any CPU
		{F566ED81-BDAC-456F-91E4-D1BF18454388}.Debug|x86.Build.0 = Debug|Any CPU
		{F566ED81-BDAC-456F-91E4-D1BF18454388}.Release|Any CPU.ActiveCfg = Release|Any CPU
		{F566ED81-BDAC-456F-91E4-D1BF18454388}.Release|Any CPU.Build.0 = Release|Any CPU
		{F566ED81-BDAC-456F-91E4-D1BF18454388}.Release|ARM.ActiveCfg = Release|Any CPU
		{F566ED81-BDAC-456F-91E4-D1BF18454388}.Release|ARM.Build.0 = Release|Any CPU
		{F566ED81-BDAC-456F-91E4-D1BF18454388}.Release|ARM64.ActiveCfg = Release|Any CPU
		{F566ED81-BDAC-456F-91E4-D1BF18454388}.Release|ARM64.Build.0 = Release|Any CPU
		{F566ED81-BDAC-456F-91E4-D1BF18454388}.Release|x64.ActiveCfg = Release|x64
		{F566ED81-BDAC-456F-91E4-D1BF18454388}.Release|x64.Build.0 = Release|x64
		{F566ED81-BDAC-456F-91E4-D1BF18454388}.Release|x86.ActiveCfg = Release|Any CPU
		{F566ED81-BDAC-456F-91E4-D1BF18454388}.Release|x86.Build.0 = Release|Any CPU
	EndGlobalSection
	GlobalSection(SolutionProperties) = preSolution
		HideSolutionNode = FALSE
	EndGlobalSection
	GlobalSection(ExtensibilityGlobals) = postSolution
		SolutionGuid = {FF1747BC-2936-4CBE-A2E1-6BD589FA9470}
	EndGlobalSection
EndGlobal
